
Microsoft Visual Studio Solution File, Format Version 12.00
# Visual Studio 15
Project("{FAE04EC0-301F-11D3-BF4B-00C04F79EFBC}") = "QFSW.QC.Extras", "QFSW.QC.Extras.csproj", "{78F02543-BFE4-506F-ED66-A856DC3875EC}"
EndProject
Project("{FAE04EC0-301F-11D3-BF4B-00C04F79EFBC}") = "Assembly-CSharp", "Assembly-CSharp.csproj", "{3566D490-F9DC-2506-2CC8-0DA8594B4E0F}"
EndProject
Project("{FAE04EC0-301F-11D3-BF4B-00C04F79EFBC}") = "QFSW.QC", "QFSW.QC.csproj", "{D41716E8-B019-2963-A61F-970B61BE5FBC}"
EndProject
Project("{FAE04EC0-301F-11D3-BF4B-00C04F79EFBC}") = "QFSW.QC.Grammar", "QFSW.QC.Grammar.csproj", "{946BCBC3-AA6E-19CB-F314-5A20F35B1C1E}"
EndProject
Project("{FAE04EC0-301F-11D3-BF4B-00C04F79EFBC}") = "QFSW.QC.Editor", "QFSW.QC.Editor.csproj", "{F97E884B-3330-F65F-D465-1ABB435A9627}"
EndProject
Project("{FAE04EC0-301F-11D3-BF4B-00C04F79EFBC}") = "QFSW.QC.Parsers", "QFSW.QC.Parsers.csproj", "{5F52E52B-8F3B-BD3A-684D-4C22C7D7A186}"
EndProject
Project("{FAE04EC0-301F-11D3-BF4B-00C04F79EFBC}") = "QFSW.QC.Editor.Tools", "QFSW.QC.Editor.Tools.csproj", "{78D3D41E-E8CE-E1EC-8DE7-4A558A1429A5}"
EndProject
Project("{FAE04EC0-301F-11D3-BF4B-00C04F79EFBC}") = "QFSW.QC.Serializers", "QFSW.QC.Serializers.csproj", "{0D60548B-CFD7-CAAE-3773-0FB050BEF1C0}"
EndProject
Project("{FAE04EC0-301F-11D3-BF4B-00C04F79EFBC}") = "Assembly-CSharp-Editor", "Assembly-CSharp-Editor.csproj", "{05B14729-4FF8-A574-E3E3-910DA2B6AAE4}"
EndProject
Project("{FAE04EC0-301F-11D3-BF4B-00C04F79EFBC}") = "QFSW.QC.QGUI", "QFSW.QC.QGUI.csproj", "{1364DBFE-979E-6DA4-ECC4-ECD79E1CBD34}"
EndProject
Project("{FAE04EC0-301F-11D3-BF4B-00C04F79EFBC}") = "QFSW.QC.UI", "QFSW.QC.UI.csproj", "{972566BA-F111-9F5C-CF89-F6808BF1935E}"
EndProject
Project("{FAE04EC0-301F-11D3-BF4B-00C04F79EFBC}") = "QFSW.QC.Suggestors", "QFSW.QC.Suggestors.csproj", "{1A9BD082-CD9A-F182-B6D3-E3F16ADA95EB}"
EndProject
Project("{FAE04EC0-301F-11D3-BF4B-00C04F79EFBC}") = "QFSW.QC.Demo", "QFSW.QC.Demo.csproj", "{83C144AD-9B4B-5A77-BFD7-72693F01FEB7}"
EndProject
Project("{FAE04EC0-301F-11D3-BF4B-00C04F79EFBC}") = "QFSW.QC.ScanRules", "QFSW.QC.ScanRules.csproj", "{8768F293-AE1F-344B-59FD-31A8998FC52B}"
EndProject
Global
	GlobalSection(SolutionConfigurationPlatforms) = preSolution
		Debug|Any CPU = Debug|Any CPU
		Release|Any CPU = Release|Any CPU
	EndGlobalSection
	GlobalSection(ProjectConfigurationPlatforms) = postSolution
		{78F02543-BFE4-506F-ED66-A856DC3875EC}.Debug|Any CPU.ActiveCfg = Debug|Any CPU
		{78F02543-BFE4-506F-ED66-A856DC3875EC}.Debug|Any CPU.Build.0 = Debug|Any CPU
		{78F02543-BFE4-506F-ED66-A856DC3875EC}.Release|Any CPU.ActiveCfg = Release|Any CPU
		{78F02543-BFE4-506F-ED66-A856DC3875EC}.Release|Any CPU.Build.0 = Release|Any CPU
		{3566D490-F9DC-2506-2CC8-0DA8594B4E0F}.Debug|Any CPU.ActiveCfg = Debug|Any CPU
		{3566D490-F9DC-2506-2CC8-0DA8594B4E0F}.Debug|Any CPU.Build.0 = Debug|Any CPU
		{3566D490-F9DC-2506-2CC8-0DA8594B4E0F}.Release|Any CPU.ActiveCfg = Release|Any CPU
		{3566D490-F9DC-2506-2CC8-0DA8594B4E0F}.Release|Any CPU.Build.0 = Release|Any CPU
		{D41716E8-B019-2963-A61F-970B61BE5FBC}.Debug|Any CPU.ActiveCfg = Debug|Any CPU
		{D41716E8-B019-2963-A61F-970B61BE5FBC}.Debug|Any CPU.Build.0 = Debug|Any CPU
		{D41716E8-B019-2963-A61F-970B61BE5FBC}.Release|Any CPU.ActiveCfg = Release|Any CPU
		{D41716E8-B019-2963-A61F-970B61BE5FBC}.Release|Any CPU.Build.0 = Release|Any CPU
		{946BCBC3-AA6E-19CB-F314-5A20F35B1C1E}.Debug|Any CPU.ActiveCfg = Debug|Any CPU
		{946BCBC3-AA6E-19CB-F314-5A20F35B1C1E}.Debug|Any CPU.Build.0 = Debug|Any CPU
		{946BCBC3-AA6E-19CB-F314-5A20F35B1C1E}.Release|Any CPU.ActiveCfg = Release|Any CPU
		{946BCBC3-AA6E-19CB-F314-5A20F35B1C1E}.Release|Any CPU.Build.0 = Release|Any CPU
		{F97E884B-3330-F65F-D465-1ABB435A9627}.Debug|Any CPU.ActiveCfg = Debug|Any CPU
		{F97E884B-3330-F65F-D465-1ABB435A9627}.Debug|Any CPU.Build.0 = Debug|Any CPU
		{F97E884B-3330-F65F-D465-1ABB435A9627}.Release|Any CPU.ActiveCfg = Release|Any CPU
		{F97E884B-3330-F65F-D465-1ABB435A9627}.Release|Any CPU.Build.0 = Release|Any CPU
		{5F52E52B-8F3B-BD3A-684D-4C22C7D7A186}.Debug|Any CPU.ActiveCfg = Debug|Any CPU
		{5F52E52B-8F3B-BD3A-684D-4C22C7D7A186}.Debug|Any CPU.Build.0 = Debug|Any CPU
		{5F52E52B-8F3B-BD3A-684D-4C22C7D7A186}.Release|Any CPU.ActiveCfg = Release|Any CPU
		{5F52E52B-8F3B-BD3A-684D-4C22C7D7A186}.Release|Any CPU.Build.0 = Release|Any CPU
		{78D3D41E-E8CE-E1EC-8DE7-4A558A1429A5}.Debug|Any CPU.ActiveCfg = Debug|Any CPU
		{78D3D41E-E8CE-E1EC-8DE7-4A558A1429A5}.Debug|Any CPU.Build.0 = Debug|Any CPU
		{78D3D41E-E8CE-E1EC-8DE7-4A558A1429A5}.Release|Any CPU.ActiveCfg = Release|Any CPU
		{78D3D41E-E8CE-E1EC-8DE7-4A558A1429A5}.Release|Any CPU.Build.0 = Release|Any CPU
		{0D60548B-CFD7-CAAE-3773-0FB050BEF1C0}.Debug|Any CPU.ActiveCfg = Debug|Any CPU
		{0D60548B-CFD7-CAAE-3773-0FB050BEF1C0}.Debug|Any CPU.Build.0 = Debug|Any CPU
		{0D60548B-CFD7-CAAE-3773-0FB050BEF1C0}.Release|Any CPU.ActiveCfg = Release|Any CPU
		{0D60548B-CFD7-CAAE-3773-0FB050BEF1C0}.Release|Any CPU.Build.0 = Release|Any CPU
		{05B14729-4FF8-A574-E3E3-910DA2B6AAE4}.Debug|Any CPU.ActiveCfg = Debug|Any CPU
		{05B14729-4FF8-A574-E3E3-910DA2B6AAE4}.Debug|Any CPU.Build.0 = Debug|Any CPU
		{05B14729-4FF8-A574-E3E3-910DA2B6AAE4}.Release|Any CPU.ActiveCfg = Release|Any CPU
		{05B14729-4FF8-A574-E3E3-910DA2B6AAE4}.Release|Any CPU.Build.0 = Release|Any CPU
		{1364DBFE-979E-6DA4-ECC4-ECD79E1CBD34}.Debug|Any CPU.ActiveCfg = Debug|Any CPU
		{1364DBFE-979E-6DA4-ECC4-ECD79E1CBD34}.Debug|Any CPU.Build.0 = Debug|Any CPU
		{1364DBFE-979E-6DA4-ECC4-ECD79E1CBD34}.Release|Any CPU.ActiveCfg = Release|Any CPU
		{1364DBFE-979E-6DA4-ECC4-ECD79E1CBD34}.Release|Any CPU.Build.0 = Release|Any CPU
		{972566BA-F111-9F5C-CF89-F6808BF1935E}.Debug|Any CPU.ActiveCfg = Debug|Any CPU
		{972566BA-F111-9F5C-CF89-F6808BF1935E}.Debug|Any CPU.Build.0 = Debug|Any CPU
		{972566BA-F111-9F5C-CF89-F6808BF1935E}.Release|Any CPU.ActiveCfg = Release|Any CPU
		{972566BA-F111-9F5C-CF89-F6808BF1935E}.Release|Any CPU.Build.0 = Release|Any CPU
		{1A9BD082-CD9A-F182-B6D3-E3F16ADA95EB}.Debug|Any CPU.ActiveCfg = Debug|Any CPU
		{1A9BD082-CD9A-F182-B6D3-E3F16ADA95EB}.Debug|Any CPU.Build.0 = Debug|Any CPU
		{1A9BD082-CD9A-F182-B6D3-E3F16ADA95EB}.Release|Any CPU.ActiveCfg = Release|Any CPU
		{1A9BD082-CD9A-F182-B6D3-E3F16ADA95EB}.Release|Any CPU.Build.0 = Release|Any CPU
		{83C144AD-9B4B-5A77-BFD7-72693F01FEB7}.Debug|Any CPU.ActiveCfg = Debug|Any CPU
		{83C144AD-9B4B-5A77-BFD7-72693F01FEB7}.Debug|Any CPU.Build.0 = Debug|Any CPU
		{83C144AD-9B4B-5A77-BFD7-72693F01FEB7}.Release|Any CPU.ActiveCfg = Release|Any CPU
		{83C144AD-9B4B-5A77-BFD7-72693F01FEB7}.Release|Any CPU.Build.0 = Release|Any CPU
		{8768F293-AE1F-344B-59FD-31A8998FC52B}.Debug|Any CPU.ActiveCfg = Debug|Any CPU
		{8768F293-AE1F-344B-59FD-31A8998FC52B}.Debug|Any CPU.Build.0 = Debug|Any CPU
		{8768F293-AE1F-344B-59FD-31A8998FC52B}.Release|Any CPU.ActiveCfg = Release|Any CPU
		{8768F293-AE1F-344B-59FD-31A8998FC52B}.Release|Any CPU.Build.0 = Release|Any CPU
	EndGlobalSection
	GlobalSection(SolutionProperties) = preSolution
		HideSolutionNode = FALSE
	EndGlobalSection
EndGlobal
